<?xml version="1.0" encoding="utf-8"?>
<Project ToolsVersion="4.0" xmlns="http://schemas.microsoft.com/developer/msbuild/2003">
  <ItemGroup>
    <Filter Include="源文件">
      <UniqueIdentifier>{4FC737F1-C7A5-4376-A066-2A32D752A2FF}</UniqueIdentifier>
      <Extensions>cpp;c;cc;cxx;def;odl;idl;hpj;bat;asm;asmx</Extensions>
    </Filter>
    <Filter Include="资源文件">
      <UniqueIdentifier>{67DA6AB6-F800-4c08-8B7A-83BB121AAD01}</UniqueIdentifier>
      <Extensions>rc;ico;cur;bmp;dlg;rc2;rct;bin;rgs;gif;jpg;jpeg;jpe;resx;tiff;tif;png;wav;mfcribbon-ms</Extensions>
    </Filter>
    <Filter Include="库文件">
      <UniqueIdentifier>{bcd3da0a-51fb-44b1-92b7-7de6a23a3c68}</UniqueIdentifier>
    </Filter>
    <Filter Include="xnet_app">
      <UniqueIdentifier>{6c8bcc08-b7ab-4dfe-bb21-d81aa38b02d4}</UniqueIdentifier>
    </Filter>
    <Filter Include="xnet_tiny">
      <UniqueIdentifier>{2a77203d-f89b-4792-ad8d-1912617cf056}</UniqueIdentifier>
    </Filter>
  </ItemGroup>
  <ItemGroup>
    <ClCompile Include="..\lib\xnet\pcap_device.c">
      <Filter>库文件</Filter>
    </ClCompile>
    <ClCompile Include="src\xnet_app\port_pcap.c">
      <Filter>xnet_app</Filter>
    </ClCompile>
    <ClCompile Include="src\xnet_tiny\xnet_tiny.c">
      <Filter>xnet_tiny</Filter>
    </ClCompile>
    <ClCompile Include="src\app.c">
      <Filter>源文件</Filter>
    </ClCompile>
    <ClCompile Include="src\xnet_app\xserver_datetime.c">
      <Filter>xnet_app</Filter>
    </ClCompile>
    <ClCompile Include="src\xnet_app\xserver_http.c">
      <Filter>xnet_app</Filter>
    </ClCompile>
  </ItemGroup>
  <ItemGroup>
    <ClInclude Include="..\lib\xnet\pcap_device.h">
      <Filter>库文件</Filter>
    </ClInclude>
    <ClInclude Include="src\xnet_tiny\xnet_tiny.h">
      <Filter>xnet_tiny</Filter>
    </ClInclude>
    <ClInclude Include="src\xnet_app\xserver_datetime.h">
      <Filter>xnet_app</Filter>
    </ClInclude>
    <ClInclude Include="src\xnet_app\xserver_http.h">
      <Filter>xnet_app</Filter>
    </ClInclude>
  </ItemGroup>
</Project>